
Microsoft Visual Studio Solution File, Format Version 12.00
# Visual Studio Version 18
VisualStudioVersion = 18.1.11312.151 d18.0
MinimumVisualStudioVersion = 10.0.40219.1
Project("{9A19103F-16F7-4668-BE54-9A1E7A4F7556}") = "AsyncHelpers", "AsyncHelpers\AsyncHelpers.csproj", "{9690D4CF-4FED-4474-A7F3-EA12A08C6BCF}"
EndProject
Project("{9A19103F-16F7-4668-BE54-9A1E7A4F7556}") = "AsyncHelpers.Tests", "AsyncHelpers.Tests\AsyncHelpers.Tests.csproj", "{0B3B54D6-4796-4C00-8213-21DAFD247A4F}"
EndProject
Project("{FAE04EC0-301F-11D3-BF4B-00C04F79EFBC}") = "AsyncHelpers.Examples", "AsyncHelpers.Examples\AsyncHelpers.Examples.csproj", "{9ABE11CC-2E48-487F-B63D-7429DEFF3B2E}"
EndProject
Project("{2150E333-8FDC-42A3-9474-1A3956D46DE8}") = "Solution Items", "Solution Items", "{E8C3CC36-B9C1-4C4F-A3C7-4B32E4DA285C}"
	ProjectSection(SolutionItems) = preProject
		.editorconfig = .editorconfig
	EndProjectSection
EndProject
Global
	GlobalSection(SolutionConfigurationPlatforms) = preSolution
		Debug|x64 = Debug|x64
		Release|x64 = Release|x64
	EndGlobalSection
	GlobalSection(ProjectConfigurationPlatforms) = postSolution
		{9690D4CF-4FED-4474-A7F3-EA12A08C6BCF}.Debug|x64.ActiveCfg = Debug|x64
		{9690D4CF-4FED-4474-A7F3-EA12A08C6BCF}.Debug|x64.Build.0 = Debug|x64
		{9690D4CF-4FED-4474-A7F3-EA12A08C6BCF}.Release|x64.ActiveCfg = Release|x64
		{9690D4CF-4FED-4474-A7F3-EA12A08C6BCF}.Release|x64.Build.0 = Release|x64
		{0B3B54D6-4796-4C00-8213-21DAFD247A4F}.Debug|x64.ActiveCfg = Debug|x64
		{0B3B54D6-4796-4C00-8213-21DAFD247A4F}.Debug|x64.Build.0 = Debug|x64
		{0B3B54D6-4796-4C00-8213-21DAFD247A4F}.Release|x64.ActiveCfg = Release|x64
		{0B3B54D6-4796-4C00-8213-21DAFD247A4F}.Release|x64.Build.0 = Release|x64
		{9ABE11CC-2E48-487F-B63D-7429DEFF3B2E}.Debug|x64.ActiveCfg = Debug|x64
		{9ABE11CC-2E48-487F-B63D-7429DEFF3B2E}.Debug|x64.Build.0 = Debug|x64
		{9ABE11CC-2E48-487F-B63D-7429DEFF3B2E}.Release|x64.ActiveCfg = Release|x64
		{9ABE11CC-2E48-487F-B63D-7429DEFF3B2E}.Release|x64.Build.0 = Release|x64
	EndGlobalSection
	GlobalSection(SolutionProperties) = preSolution
		HideSolutionNode = FALSE
	EndGlobalSection
	GlobalSection(ExtensibilityGlobals) = postSolution
		SolutionGuid = {33589906-DE3A-40B5-8FAB-4B9B19CB60D2}
	EndGlobalSection
EndGlobal
