
Microsoft Visual Studio Solution File, Format Version 12.00
# Visual Studio Version 16
VisualStudioVersion = 16.0.30523.141
MinimumVisualStudioVersion = 10.0.40219.1
Project("{FAE04EC0-301F-11D3-BF4B-00C04F79EFBC}") = "AsyncHelpers", "AsyncHelpers\AsyncHelpers.csproj", "{9690D4CF-4FED-4474-A7F3-EA12A08C6BCF}"
EndProject
Global
	GlobalSection(SolutionConfigurationPlatforms) = preSolution
		Debug|x64 = Debug|x64
		Release|x64 = Release|x64
	EndGlobalSection
	GlobalSection(ProjectConfigurationPlatforms) = postSolution
		{9690D4CF-4FED-4474-A7F3-EA12A08C6BCF}.Debug|x64.ActiveCfg = Debug|x64
		{9690D4CF-4FED-4474-A7F3-EA12A08C6BCF}.Debug|x64.Build.0 = Debug|x64
		{9690D4CF-4FED-4474-A7F3-EA12A08C6BCF}.Release|x64.ActiveCfg = Release|x64
		{9690D4CF-4FED-4474-A7F3-EA12A08C6BCF}.Release|x64.Build.0 = Release|x64
	EndGlobalSection
	GlobalSection(SolutionProperties) = preSolution
		HideSolutionNode = FALSE
	EndGlobalSection
	GlobalSection(ExtensibilityGlobals) = postSolution
		SolutionGuid = {33589906-DE3A-40B5-8FAB-4B9B19CB60D2}
	EndGlobalSection
EndGlobal
